PackratFormat: 1.4
PackratVersion: 0.4.8.1
RVersion: 3.3.1
Repos: CRAN=https://cran.rstudio.com/

Package: Rcpp
Source: CRAN
Version: 0.12.7
Hash: f0ba7322cfb66f1b563462faa9c2b2ab

Package: RcppArmadillo
Source: CRAN
Version: 0.7.500.0.0
Hash: 78bb90cade8b445d7be02f3671d67e43
Requires: Rcpp

Package: packrat
Source: CRAN
Version: 0.4.8-1
Hash: 6ad605ba7b4b476d84be6632393f5765
